// !$*UTF8*$!
{
	archiveVersion = 1;
	classes = {
	};
	objectVersion = 48;
	objects = {

/* Begin PBXBuildFile section */
		0D34F9D427DF834F00B1DE61 /* CaptureOnePlugins.framework in Frameworks */ = {isa = PBXBuildFile; fileRef = 0D34F9D327DF834F00B1DE61 /* CaptureOnePlugins.framework */; };
		2FFF244C38AF49E38B24A55E /* COGifPluginTests.swift in Sources */ = {isa = PBXBuildFile; fileRef = 322402A32F0E412E93290784 /* COGifPluginTests.swift */; };
		490410A5ED9348A59C72075D /* COGifPlugin.swift in Sources */ = {isa = PBXBuildFile; fileRef = 4A46303A204E880200C00D97 /* COGifPlugin.swift */; };
		4A176E8E209C6CAE0008951F /* COGifPluginIcon.icns in Resources */ = {isa = PBXBuildFile; fileRef = 4A176E8D209C6CAE0008951F /* COGifPluginIcon.icns */; };
		4A46303B204E880200C00D97 /* COGifPlugin.swift in Sources */ = {isa = PBXBuildFile; fileRef = 4A46303A204E880200C00D97 /* COGifPlugin.swift */; };
		C05592FDD93D4423A3994A37 /* CaptureOnePlugins.framework in Embed Frameworks */ = {isa = PBXBuildFile; fileRef = 0D34F9D327DF834F00B1DE61 /* CaptureOnePlugins.framework */; settings = {ATTRIBUTES = (CodeSignOnCopy, RemoveHeadersOnCopy, ); }; };
		DD89B28ECA04497998396E0F /* CaptureOnePlugins.framework in Frameworks */ = {isa = PBXBuildFile; fileRef = 0D34F9D327DF834F00B1DE61 /* CaptureOnePlugins.framework */; };
/* End PBXBuildFile section */

/* Begin PBXContainerItemProxy section */
		76E432FAF8E54DCFBB211CF6 /* PBXContainerItemProxy */ = {
			isa = PBXContainerItemProxy;
			containerPortal = 4A46300B204E864500C00D97 /* Project object */;
			proxyType = 1;
			remoteGlobalIDString = 4A463012204E864500C00D97;
			remoteInfo = COGifPlugin;
		};
/* End PBXContainerItemProxy section */

/* Begin PBXCopyFilesBuildPhase section */
		DA62AAFEA0124CA595888B0A /* Embed Frameworks */ = {
			isa = PBXCopyFilesBuildPhase;
			buildActionMask = 2147483647;
			dstPath = "";
			dstSubfolderSpec = 10;
			files = (
				C05592FDD93D4423A3994A37 /* CaptureOnePlugins.framework in Embed Frameworks */,
			);
			name = "Embed Frameworks";
			runOnlyForDeploymentPostprocessing = 0;
		};
/* End PBXCopyFilesBuildPhase section */

/* Begin PBXFileReference section */
		0D34F9D327DF834F00B1DE61 /* CaptureOnePlugins.framework */ = {isa = PBXFileReference; lastKnownFileType = wrapper.framework; name = CaptureOnePlugins.framework; path = sdk/Library/Frameworks/CaptureOnePlugins.framework; sourceTree = "<group>"; };
		322402A32F0E412E93290784 /* COGifPluginTests.swift */ = {isa = PBXFileReference; lastKnownFileType = sourcecode.swift; path = COGifPluginTests.swift; sourceTree = "<group>"; };
		4A176E8D209C6CAE0008951F /* COGifPluginIcon.icns */ = {isa = PBXFileReference; lastKnownFileType = image.icns; path = COGifPluginIcon.icns; sourceTree = "<group>"; };
		4A463013204E864500C00D97 /* COGifPlugin.coplugin */ = {isa = PBXFileReference; explicitFileType = wrapper.cfbundle; includeInIndex = 0; path = COGifPlugin.coplugin; sourceTree = BUILT_PRODUCTS_DIR; };
		4A463016204E864500C00D97 /* Info.plist */ = {isa = PBXFileReference; lastKnownFileType = text.plist.xml; path = Info.plist; sourceTree = "<group>"; };
		4A46303A204E880200C00D97 /* COGifPlugin.swift */ = {isa = PBXFileReference; lastKnownFileType = sourcecode.swift; path = COGifPlugin.swift; sourceTree = "<group>"; };
		A40B546F0E32486B8F6530A3 /* COGifPluginTests.xctest */ = {isa = PBXFileReference; explicitFileType = wrapper.cfbundle; includeInIndex = 0; path = COGifPluginTests.xctest; sourceTree = BUILT_PRODUCTS_DIR; };
/* End PBXFileReference section */

/* Begin PBXFrameworksBuildPhase section */
		4A463010204E864500C00D97 /* Frameworks */ = {
			isa = PBXFrameworksBuildPhase;
			buildActionMask = 2147483647;
			files = (
				0D34F9D427DF834F00B1DE61 /* CaptureOnePlugins.framework in Frameworks */,
			);
			runOnlyForDeploymentPostprocessing = 0;
		};
		7FC2FE45CC0A4D53A917798E /* Frameworks */ = {
			isa = PBXFrameworksBuildPhase;
			buildActionMask = 2147483647;
			files = (
				DD89B28ECA04497998396E0F /* CaptureOnePlugins.framework in Frameworks */,
			);
			runOnlyForDeploymentPostprocessing = 0;
		};
/* End PBXFrameworksBuildPhase section */

/* Begin PBXGroup section */
		4A46300A204E864500C00D97 = {
			isa = PBXGroup;
			children = (
				4A463015204E864500C00D97 /* COGifPlugin */,
				903F71B07D2A491DBB3CD5A0 /* COGifPluginTests */,
				4A463014204E864500C00D97 /* Products */,
				4A463033204E86C700C00D97 /* Frameworks */,
			);
			sourceTree = "<group>";
		};
		4A463014204E864500C00D97 /* Products */ = {
			isa = PBXGroup;
			children = (
				4A463013204E864500C00D97 /* COGifPlugin.coplugin */,
				A40B546F0E32486B8F6530A3 /* COGifPluginTests.xctest */,
			);
			name = Products;
			sourceTree = "<group>";
		};
		4A463015204E864500C00D97 /* COGifPlugin */ = {
			isa = PBXGroup;
			children = (
				4A176E8D209C6CAE0008951F /* COGifPluginIcon.icns */,
				4A463016204E864500C00D97 /* Info.plist */,
				4A46303A204E880200C00D97 /* COGifPlugin.swift */,
			);
			path = COGifPlugin;
			sourceTree = "<group>";
		};
		4A463033204E86C700C00D97 /* Frameworks */ = {
			isa = PBXGroup;
			children = (
				0D34F9D327DF834F00B1DE61 /* CaptureOnePlugins.framework */,
			);
			name = Frameworks;
			sourceTree = "<group>";
		};
		903F71B07D2A491DBB3CD5A0 /* COGifPluginTests */ = {
			isa = PBXGroup;
			children = (
				322402A32F0E412E93290784 /* COGifPluginTests.swift */,
			);
			path = COGifPluginTests;
			sourceTree = "<group>";
		};
/* End PBXGroup section */

/* Begin PBXNativeTarget section */
		4A463012204E864500C00D97 /* COGifPlugin */ = {
			isa = PBXNativeTarget;
			buildConfigurationList = 4A463019204E864500C00D97 /* Build configuration list for PBXNativeTarget "COGifPlugin" */;
			buildPhases = (
				4A46300F204E864500C00D97 /* Sources */,
				4A463010204E864500C00D97 /* Frameworks */,
				4A463011204E864500C00D97 /* Resources */,
			);
			buildRules = (
			);
			dependencies = (
			);
			name = COGifPlugin;
			productName = COGifPlugin;
			productReference = 4A463013204E864500C00D97 /* COGifPlugin.coplugin */;
			productType = "com.apple.product-type.bundle";
		};
		EC36FA2F880B4E3EB6CB5F58 /* COGifPluginTests */ = {
			isa = PBXNativeTarget;
			buildConfigurationList = 6D3D736809B142398BAC12E3 /* Build configuration list for PBXNativeTarget "COGifPluginTests" */;
			buildPhases = (
				CC1FC19434734ACD968B9C6D /* Sources */,
				7FC2FE45CC0A4D53A917798E /* Frameworks */,
				F71C22945DA6488A87D73713 /* Resources */,
				DA62AAFEA0124CA595888B0A /* Embed Frameworks */,
			);
			buildRules = (
			);
			dependencies = (
				A6BD74D1B02F4842A439FEF2 /* PBXTargetDependency */,
			);
			name = COGifPluginTests;
			productName = COGifPluginTests;
			productReference = A40B546F0E32486B8F6530A3 /* COGifPluginTests.xctest */;
			productType = "com.apple.product-type.bundle.unit-test";
		};
/* End PBXNativeTarget section */

/* Begin PBXProject section */
		4A46300B204E864500C00D97 /* Project object */ = {
			isa = PBXProject;
			attributes = {
				LastUpgradeCheck = 1200;
				ORGANIZATIONNAME = "Phase One A/S";
				TargetAttributes = {
					4A463012204E864500C00D97 = {
						CreatedOnToolsVersion = 9.2;
						LastSwiftMigration = 0920;
						ProvisioningStyle = Automatic;
					};
					EC36FA2F880B4E3EB6CB5F58 = {
						CreatedOnToolsVersion = 17.0;
						ProvisioningStyle = Automatic;
					};
				};
			};
			buildConfigurationList = 4A46300E204E864500C00D97 /* Build configuration list for PBXProject "COGifPlugin" */;
			compatibilityVersion = "Xcode 8.0";
			developmentRegion = en;
			hasScannedForEncodings = 0;
			knownRegions = (
				en,
				Base,
			);
			mainGroup = 4A46300A204E864500C00D97;
			productRefGroup = 4A463014204E864500C00D97 /* Products */;
			projectDirPath = "";
			projectRoot = "";
			targets = (
				4A463012204E864500C00D97 /* COGifPlugin */,
				EC36FA2F880B4E3EB6CB5F58 /* COGifPluginTests */,
			);
		};
/* End PBXProject section */

/* Begin PBXResourcesBuildPhase section */
		4A463011204E864500C00D97 /* Resources */ = {
			isa = PBXResourcesBuildPhase;
			buildActionMask = 2147483647;
			files = (
				4A176E8E209C6CAE0008951F /* COGifPluginIcon.icns in Resources */,
			);
			runOnlyForDeploymentPostprocessing = 0;
		};
		F71C22945DA6488A87D73713 /* Resources */ = {
			isa = PBXResourcesBuildPhase;
			buildActionMask = 2147483647;
			files = (
			);
			runOnlyForDeploymentPostprocessing = 0;
		};
/* End PBXResourcesBuildPhase section */

/* Begin PBXSourcesBuildPhase section */
		4A46300F204E864500C00D97 /* Sources */ = {
			isa = PBXSourcesBuildPhase;
			buildActionMask = 2147483647;
			files = (
				4A46303B204E880200C00D97 /* COGifPlugin.swift in Sources */,
			);
			runOnlyForDeploymentPostprocessing = 0;
		};
		CC1FC19434734ACD968B9C6D /* Sources */ = {
			isa = PBXSourcesBuildPhase;
			buildActionMask = 2147483647;
			files = (
				490410A5ED9348A59C72075D /* COGifPlugin.swift in Sources */,
				2FFF244C38AF49E38B24A55E /* COGifPluginTests.swift in Sources */,
			);
			runOnlyForDeploymentPostprocessing = 0;
		};
/* End PBXSourcesBuildPhase section */

/* Begin PBXTargetDependency section */
		A6BD74D1B02F4842A439FEF2 /* PBXTargetDependency */ = {
			isa = PBXTargetDependency;
			target = 4A463012204E864500C00D97 /* COGifPlugin */;
			targetProxy = 76E432FAF8E54DCFBB211CF6 /* PBXContainerItemProxy */;
		};
/* End PBXTargetDependency section */

/* Begin XCBuildConfiguration section */
		3EDC09FCDDA043919664B087 /* Debug */ = {
			isa = XCBuildConfiguration;
			buildSettings = {
				BUNDLE_LOADER = "";
				CODE_SIGN_IDENTITY = "-";
				CODE_SIGN_STYLE = Automatic;
				COMBINE_HIDPI_IMAGES = YES;
				FRAMEWORK_SEARCH_PATHS = "\"$(SRCROOT)/sdk/Library/Frameworks\"";
				GENERATE_INFOPLIST_FILE = YES;
				LD_RUNPATH_SEARCH_PATHS = "$(inherited) @executable_path/../Frameworks @loader_path/.. @loader_path/../Frameworks";
				MACOSX_DEPLOYMENT_TARGET = 10.13;
				PRODUCT_BUNDLE_IDENTIFIER = "com.brian-tom.capture-one-gif-plugin.tests";
				PRODUCT_NAME = "$(TARGET_NAME)";
				SWIFT_OPTIMIZATION_LEVEL = "-Onone";
				SWIFT_VERSION = 5.0;
				TEST_HOST = "";
			};
			name = Debug;
		};
		4A463017204E864500C00D97 /* Debug */ = {
			isa = XCBuildConfiguration;
			buildSettings = {
				ALWAYS_EMBED_SWIFT_STANDARD_LIBRARIES = YES;
				ALWAYS_SEARCH_USER_PATHS = NO;
				CLANG_ANALYZER_NONNULL = YES;
				CLANG_ANALYZER_NUMBER_OBJECT_CONVERSION = YES_AGGRESSIVE;
				CLANG_CXX_LANGUAGE_STANDARD = "gnu++14";
				CLANG_CXX_LIBRARY = "libc++";
				CLANG_ENABLE_MODULES = YES;
				CLANG_ENABLE_OBJC_ARC = YES;
				CLANG_WARN_BLOCK_CAPTURE_AUTORELEASING = YES;
				CLANG_WARN_BOOL_CONVERSION = YES;
				CLANG_WARN_COMMA = YES;
				CLANG_WARN_CONSTANT_CONVERSION = YES;
				CLANG_WARN_DEPRECATED_OBJC_IMPLEMENTATIONS = YES;
				CLANG_WARN_DIRECT_OBJC_ISA_USAGE = YES_ERROR;
				CLANG_WARN_DOCUMENTATION_COMMENTS = YES;
				CLANG_WARN_EMPTY_BODY = YES;
				CLANG_WARN_ENUM_CONVERSION = YES;
				CLANG_WARN_INFINITE_RECURSION = YES;
				CLANG_WARN_INT_CONVERSION = YES;
				CLANG_WARN_NON_LITERAL_NULL_CONVERSION = YES;
				CLANG_WARN_OBJC_IMPLICIT_RETAIN_SELF = YES;
				CLANG_WARN_OBJC_LITERAL_CONVERSION = YES;
				CLANG_WARN_OBJC_ROOT_CLASS = YES_ERROR;
				CLANG_WARN_QUOTED_INCLUDE_IN_FRAMEWORK_HEADER = YES;
				CLANG_WARN_RANGE_LOOP_ANALYSIS = YES;
				CLANG_WARN_STRICT_PROTOTYPES = YES;
				CLANG_WARN_SUSPICIOUS_MOVE = YES;
				CLANG_WARN_UNGUARDED_AVAILABILITY = YES_AGGRESSIVE;
				CLANG_WARN_UNREACHABLE_CODE = YES;
				CLANG_WARN__DUPLICATE_METHOD_MATCH = YES;
				COPY_PHASE_STRIP = NO;
				DEBUG_INFORMATION_FORMAT = dwarf;
				ENABLE_STRICT_OBJC_MSGSEND = YES;
				ENABLE_TESTABILITY = YES;
				GCC_C_LANGUAGE_STANDARD = gnu11;
				GCC_DYNAMIC_NO_PIC = NO;
				GCC_NO_COMMON_BLOCKS = YES;
				GCC_PREPROCESSOR_DEFINITIONS = (
					"DEBUG=1",
					"$(inherited)",
				);
				GCC_WARN_64_TO_32_BIT_CONVERSION = YES;
				GCC_WARN_ABOUT_RETURN_TYPE = YES_ERROR;
				GCC_WARN_UNDECLARED_SELECTOR = YES;
				GCC_WARN_UNINITIALIZED_AUTOS = YES_AGGRESSIVE;
				GCC_WARN_UNUSED_FUNCTION = YES;
				GCC_WARN_UNUSED_VARIABLE = YES;
				MTL_ENABLE_DEBUG_INFO = YES;
				ONLY_ACTIVE_ARCH = YES;
				SWIFT_VERSION = 4.0;
			};
			name = Debug;
		};
		4A463018204E864500C00D97 /* Release */ = {
			isa = XCBuildConfiguration;
			buildSettings = {
				ALWAYS_EMBED_SWIFT_STANDARD_LIBRARIES = YES;
				ALWAYS_SEARCH_USER_PATHS = NO;
				CLANG_ANALYZER_NONNULL = YES;
				CLANG_ANALYZER_NUMBER_OBJECT_CONVERSION = YES_AGGRESSIVE;
				CLANG_CXX_LANGUAGE_STANDARD = "gnu++14";
				CLANG_CXX_LIBRARY = "libc++";
				CLANG_ENABLE_MODULES = YES;
				CLANG_ENABLE_OBJC_ARC = YES;
				CLANG_WARN_BLOCK_CAPTURE_AUTORELEASING = YES;
				CLANG_WARN_BOOL_CONVERSION = YES;
				CLANG_WARN_COMMA = YES;
				CLANG_WARN_CONSTANT_CONVERSION = YES;
				CLANG_WARN_DEPRECATED_OBJC_IMPLEMENTATIONS = YES;
				CLANG_WARN_DIRECT_OBJC_ISA_USAGE = YES_ERROR;
				CLANG_WARN_DOCUMENTATION_COMMENTS = YES;
				CLANG_WARN_EMPTY_BODY = YES;
				CLANG_WARN_ENUM_CONVERSION = YES;
				CLANG_WARN_INFINITE_RECURSION = YES;
				CLANG_WARN_INT_CONVERSION = YES;
				CLANG_WARN_NON_LITERAL_NULL_CONVERSION = YES;
				CLANG_WARN_OBJC_IMPLICIT_RETAIN_SELF = YES;
				CLANG_WARN_OBJC_LITERAL_CONVERSION = YES;
				CLANG_WARN_OBJC_ROOT_CLASS = YES_ERROR;
				CLANG_WARN_QUOTED_INCLUDE_IN_FRAMEWORK_HEADER = YES;
				CLANG_WARN_RANGE_LOOP_ANALYSIS = YES;
				CLANG_WARN_STRICT_PROTOTYPES = YES;
				CLANG_WARN_SUSPICIOUS_MOVE = YES;
				CLANG_WARN_UNGUARDED_AVAILABILITY = YES_AGGRESSIVE;
				CLANG_WARN_UNREACHABLE_CODE = YES;
				CLANG_WARN__DUPLICATE_METHOD_MATCH = YES;
				COPY_PHASE_STRIP = NO;
				DEBUG_INFORMATION_FORMAT = "dwarf-with-dsym";
				ENABLE_NS_ASSERTIONS = NO;
				ENABLE_STRICT_OBJC_MSGSEND = YES;
				GCC_C_LANGUAGE_STANDARD = gnu11;
				GCC_NO_COMMON_BLOCKS = YES;
				GCC_WARN_64_TO_32_BIT_CONVERSION = YES;
				GCC_WARN_ABOUT_RETURN_TYPE = YES_ERROR;
				GCC_WARN_UNDECLARED_SELECTOR = YES;
				GCC_WARN_UNINITIALIZED_AUTOS = YES_AGGRESSIVE;
				GCC_WARN_UNUSED_FUNCTION = YES;
				GCC_WARN_UNUSED_VARIABLE = YES;
				MTL_ENABLE_DEBUG_INFO = NO;
				SWIFT_COMPILATION_MODE = wholemodule;
				SWIFT_VERSION = 4.0;
			};
			name = Release;
		};
		4A46301A204E864500C00D97 /* Debug */ = {
			isa = XCBuildConfiguration;
			buildSettings = {
				CLANG_ENABLE_MODULES = YES;
				COMBINE_HIDPI_IMAGES = YES;
				CURRENT_PROJECT_VERSION = 0;
				FRAMEWORK_SEARCH_PATHS = "\"$(SRCROOT)/sdk/Library/Frameworks\"";
				INFOPLIST_FILE = COGifPlugin/Info.plist;
				INFOPLIST_KEY_CFBundleDisplayName = "Capture One GIF Plugin";
				INSTALL_PATH = /Library/CaptureOnePlugin;
				LD_RUNPATH_SEARCH_PATHS = "$(inherited) @executable_path/../Frameworks @loader_path/../Frameworks";
				LIBRARY_SEARCH_PATHS = "$(inherited)";
				MACOSX_DEPLOYMENT_TARGET = 10.13;
				MARKETING_VERSION = 0.0.0;
				PRODUCT_BUNDLE_IDENTIFIER = "com.brian-tom.capture-one-gif-plugin";
				PRODUCT_NAME = "$(TARGET_NAME)";
				SWIFT_OPTIMIZATION_LEVEL = "-Onone";
				SWIFT_VERSION = 5.0;
				WRAPPER_EXTENSION = coplugin;
			};
			name = Debug;
		};
		4A46301B204E864500C00D97 /* Release */ = {
			isa = XCBuildConfiguration;
			buildSettings = {
				CLANG_ENABLE_MODULES = YES;
				COMBINE_HIDPI_IMAGES = YES;
				CURRENT_PROJECT_VERSION = 0;
				FRAMEWORK_SEARCH_PATHS = "\"$(SRCROOT)/sdk/Library/Frameworks\"";
				INFOPLIST_FILE = COGifPlugin/Info.plist;
				INFOPLIST_KEY_CFBundleDisplayName = "Capture One GIF Plugin";
				INSTALL_PATH = /Library/CaptureOnePlugin;
				LD_RUNPATH_SEARCH_PATHS = "$(inherited) @executable_path/../Frameworks @loader_path/../Frameworks";
				LIBRARY_SEARCH_PATHS = "$(inherited)";
				MACOSX_DEPLOYMENT_TARGET = 10.13;
				MARKETING_VERSION = 0.0.0;
				PRODUCT_BUNDLE_IDENTIFIER = "com.brian-tom.capture-one-gif-plugin";
				PRODUCT_NAME = "$(TARGET_NAME)";
				SKIP_INSTALL = NO;
				SWIFT_VERSION = 5.0;
				WRAPPER_EXTENSION = coplugin;
			};
			name = Release;
		};
		8801E90F107B4787BB194CA3 /* Release */ = {
			isa = XCBuildConfiguration;
			buildSettings = {
				BUNDLE_LOADER = "";
				CODE_SIGN_IDENTITY = "-";
				CODE_SIGN_STYLE = Automatic;
				COMBINE_HIDPI_IMAGES = YES;
				FRAMEWORK_SEARCH_PATHS = "\"$(SRCROOT)/sdk/Library/Frameworks\"";
				GENERATE_INFOPLIST_FILE = YES;
				LD_RUNPATH_SEARCH_PATHS = "$(inherited) @executable_path/../Frameworks @loader_path/.. @loader_path/../Frameworks";
				MACOSX_DEPLOYMENT_TARGET = 10.13;
				PRODUCT_BUNDLE_IDENTIFIER = "com.brian-tom.capture-one-gif-plugin.tests";
				PRODUCT_NAME = "$(TARGET_NAME)";
				SWIFT_VERSION = 5.0;
				TEST_HOST = "";
			};
			name = Release;
		};
/* End XCBuildConfiguration section */

/* Begin XCConfigurationList section */
		4A46300E204E864500C00D97 /* Build configuration list for PBXProject "COGifPlugin" */ = {
			isa = XCConfigurationList;
			buildConfigurations = (
				4A463017204E864500C00D97 /* Debug */,
				4A463018204E864500C00D97 /* Release */,
			);
			defaultConfigurationIsVisible = 0;
			defaultConfigurationName = Release;
		};
		4A463019204E864500C00D97 /* Build configuration list for PBXNativeTarget "COGifPlugin" */ = {
			isa = XCConfigurationList;
			buildConfigurations = (
				4A46301A204E864500C00D97 /* Debug */,
				4A46301B204E864500C00D97 /* Release */,
			);
			defaultConfigurationIsVisible = 0;
			defaultConfigurationName = Release;
		};
		6D3D736809B142398BAC12E3 /* Build configuration list for PBXNativeTarget "COGifPluginTests" */ = {
			isa = XCConfigurationList;
			buildConfigurations = (
				3EDC09FCDDA043919664B087 /* Debug */,
				8801E90F107B4787BB194CA3 /* Release */,
			);
			defaultConfigurationIsVisible = 0;
			defaultConfigurationName = Release;
		};
/* End XCConfigurationList section */
	};
	rootObject = 4A46300B204E864500C00D97 /* Project object */;
}
